{
  "requires": true,
  "lockfileVersion": 1,
  "dependencies": {
    "wasm-arrays": {
      "version": "1.0.2",
      "resolved": "https://registry.npmjs.org/wasm-arrays/-/wasm-arrays-1.0.2.tgz",
      "integrity": "sha512-m3/s85624ToaGLncRqeIhbTFIC/1RYr8ANpiVWK6gXjHGqJufWuljoY8nksu17ef+Au3JInrGoGb+bDl0+rn/w=="
    }
  }
}
